schema: '2.0'
stages:
  prepare:
    cmd: python src/prepare.py
    deps:
    - path: data/raw/data.csv
      hash: md5
      md5: 3b208a1e44c3cebe46f369663dbf5c33
      size: 72
    - path: src/prepare.py
      hash: md5
      md5: 581474a44a0ddeda6e82e7a1d00969eb
      size: 235
    outs:
    - path: data/processed/processed.csv
      hash: md5
      md5: ef112f934239553805efb4af00f6b97e
      size: 73
  train:
    cmd: python src/train.py
    deps:
    - path: data/processed/processed.csv
      hash: md5
      md5: ef112f934239553805efb4af00f6b97e
      size: 73
    - path: params.yaml
      hash: md5
      md5: a82cdd14176c9fe1eea394a4a6b48661
      size: 46
    - path: src/train.py
      hash: md5
      md5: ebd4519ca84d714fa163bbe85ae4514d
      size: 660
    outs:
    - path: models/model.pkl
      hash: md5
      md5: 85c521cdc42f5458331d5dcbafd122ea
      size: 560
  evaluate:
    cmd: python src/evaluate.py
    deps:
    - path: data/processed/processed.csv
      hash: md5
      md5: ef112f934239553805efb4af00f6b97e
      size: 73
    - path: models/model.pkl
      hash: md5
      md5: 85c521cdc42f5458331d5dcbafd122ea
      size: 560
    - path: src/evaluate.py
      hash: md5
      md5: bb327f66df2ddf77a337605ae0e87d3f
      size: 483
    outs:
    - path: metrics/scores.json
      hash: md5
      md5: cc531734e72f4c65c3c9400686558c05
      size: 31
