schema: '2.0'
stages:
  prepare:
    cmd: python src/prepare.py
    deps:
    - path: data/raw/data.csv
      hash: md5
      md5: 3b208a1e44c3cebe46f369663dbf5c33
      size: 72
    - path: src/prepare.py
      hash: md5
      md5: 4177012a895fa833a85b854fc4fb08fe
      size: 214
    outs:
    - path: data/processed/processed.csv
      hash: md5
      md5: bb7aaa1db9cca0485336087c62f83615
      size: 76
  train:
    cmd: python src/train.py
    deps:
    - path: data/processed/processed.csv
      hash: md5
      md5: bb7aaa1db9cca0485336087c62f83615
      size: 76
    - path: params.yaml
      hash: md5
      md5: a263c42ee316bc3aefc2510b46bb80bb
      size: 46
    - path: src/train.py
      hash: md5
      md5: e4252df4462c3a6423d0ec17fba96e51
      size: 1393
    outs:
    - path: models/model.pkl
      hash: md5
      md5: 99a2443e18a31bf2e3e258ba1f9c3324
      size: 560
  evaluate:
    cmd: python src/evaluate.py
    deps:
    - path: data/processed/processed.csv
      hash: md5
      md5: bb7aaa1db9cca0485336087c62f83615
      size: 76
    - path: models/model.pkl
      hash: md5
      md5: 99a2443e18a31bf2e3e258ba1f9c3324
      size: 560
    - path: src/evaluate.py
      hash: md5
      md5: bb327f66df2ddf77a337605ae0e87d3f
      size: 483
    outs:
    - path: metrics/scores.json
      hash: md5
      md5: 73bebbbe74b4a4e284c11097f49bb382
      size: 30
